
Microsoft Visual Studio Solution File, Format Version 12.00
# Visual Studio Version 17
VisualStudioVersion = 17.12.35707.178
MinimumVisualStudioVersion = 10.0.40219.1
Project("{FAE04EC0-301F-11D3-BF4B-00C04F79EFBC}") = "ODM.UI", "ODM.UI\ODM.UI.csproj", "{03017C2C-8901-4F7E-94C0-CBC1CD049CC3}"
EndProject
Project("{FAE04EC0-301F-11D3-BF4B-00C04F79EFBC}") = "ODM.BLL", "ODM.BLL\ODM.BLL.csproj", "{D7A36D67-2E49-4D0A-8FA3-F6C34C616B38}"
EndProject
Project("{FAE04EC0-301F-11D3-BF4B-00C04F79EFBC}") = "ODM.DAL", "ODM.DAL\ODM.DAL.csproj", "{A8B84B3C-469D-47C3-B31B-9E65F779DCA2}"
EndProject
Global
	GlobalSection(SolutionConfigurationPlatforms) = preSolution
		Debug|Any CPU = Debug|Any CPU
		Release|Any CPU = Release|Any CPU
	EndGlobalSection
	GlobalSection(ProjectConfigurationPlatforms) = postSolution
		{03017C2C-8901-4F7E-94C0-CBC1CD049CC3}.Debug|Any CPU.ActiveCfg = Debug|Any CPU
		{03017C2C-8901-4F7E-94C0-CBC1CD049CC3}.Debug|Any CPU.Build.0 = Debug|Any CPU
		{03017C2C-8901-4F7E-94C0-CBC1CD049CC3}.Release|Any CPU.ActiveCfg = Release|Any CPU
		{03017C2C-8901-4F7E-94C0-CBC1CD049CC3}.Release|Any CPU.Build.0 = Release|Any CPU
		{D7A36D67-2E49-4D0A-8FA3-F6C34C616B38}.Debug|Any CPU.ActiveCfg = Debug|Any CPU
		{D7A36D67-2E49-4D0A-8FA3-F6C34C616B38}.Debug|Any CPU.Build.0 = Debug|Any CPU
		{D7A36D67-2E49-4D0A-8FA3-F6C34C616B38}.Release|Any CPU.ActiveCfg = Release|Any CPU
		{D7A36D67-2E49-4D0A-8FA3-F6C34C616B38}.Release|Any CPU.Build.0 = Release|Any CPU
		{A8B84B3C-469D-47C3-B31B-9E65F779DCA2}.Debug|Any CPU.ActiveCfg = Debug|Any CPU
		{A8B84B3C-469D-47C3-B31B-9E65F779DCA2}.Debug|Any CPU.Build.0 = Debug|Any CPU
		{A8B84B3C-469D-47C3-B31B-9E65F779DCA2}.Release|Any CPU.ActiveCfg = Release|Any CPU
		{A8B84B3C-469D-47C3-B31B-9E65F779DCA2}.Release|Any CPU.Build.0 = Release|Any CPU
	EndGlobalSection
	GlobalSection(SolutionProperties) = preSolution
		HideSolutionNode = FALSE
	EndGlobalSection
EndGlobal
